<?xml version="1.0" encoding="utf-8"?>
<Project ToolsVersion="4.0" xmlns="http://schemas.microsoft.com/developer/msbuild/2003">
  <ItemGroup>
    <Filter Include="Lexer">
      <UniqueIdentifier>{c0125dfa-dbf5-437a-bdc2-1432c3979953}</UniqueIdentifier>
    </Filter>
    <Filter Include="Parser">
      <UniqueIdentifier>{43c97ea7-2299-48ad-bdc1-4ca762fcb3d9}</UniqueIdentifier>
    </Filter>
  </ItemGroup>
  <ItemGroup>
    <ClCompile Include="main.cpp" />
    <ClCompile Include="ASM\Register.cpp" />
    <ClCompile Include="ASM\Address.cpp" />
    <ClCompile Include="ASM\Input.cpp" />
    <ClCompile Include="ASM\Exceptions.cpp" />
    <ClCompile Include="Lexer.cpp" />
    <ClCompile Include="Parser.tab.cc" />
    <ClCompile Include="ASM\Expressions.cpp" />
    <ClCompile Include="ASM\Label.cpp" />
    <ClCompile Include="ASM\Publisher.cpp" />
    <ClCompile Include="ASM\ASM.cpp" />
  </ItemGroup>
  <ItemGroup>
    <ClInclude Include="Lexer\Lexer.h" />
    <ClInclude Include="ASM\Register.h" />
    <ClInclude Include="ASM\Address.h" />
    <ClInclude Include="ASM\Input.h" />
    <ClInclude Include="ASM\TypeDefs.h" />
    <ClInclude Include="ASM\Exceptions.h" />
    <ClInclude Include="ASM\Expressions.h" />
    <ClInclude Include="ASM\Label.h" />
    <ClInclude Include="ASM\Publisher.h" />
    <ClInclude Include="Utils\Logger.h" />
    <ClInclude Include="ASM\ASM.h" />
  </ItemGroup>
  <ItemGroup>
    <CustomBuild Include="Lexer\Lexer.l" />
    <CustomBuild Include="Parser\Parser.y" />
  </ItemGroup>
  <ItemGroup>
    <Text Include="Debug\TestFile.txt" />
  </ItemGroup>
</Project>